
Microsoft Visual Studio Solution File, Format Version 12.00
# Visual Studio Version 17
VisualStudioVersion = 17.7.34031.279
MinimumVisualStudioVersion = 10.0.40219.1
Project("{FAE04EC0-301F-11D3-BF4B-00C04F79EFBC}") = "AuctionApp", "AuctionApp\AuctionApp.csproj", "{F1BE3D05-87D7-444A-A020-6C40702D205E}"
EndProject
Global
	GlobalSection(SolutionConfigurationPlatforms) = preSolution
		Debug|Any CPU = Debug|Any CPU
		Release|Any CPU = Release|Any CPU
	EndGlobalSection
	GlobalSection(ProjectConfigurationPlatforms) = postSolution
		{F1BE3D05-87D7-444A-A020-6C40702D205E}.Debug|Any CPU.ActiveCfg = Debug|Any CPU
		{F1BE3D05-87D7-444A-A020-6C40702D205E}.Debug|Any CPU.Build.0 = Debug|Any CPU
		{F1BE3D05-87D7-444A-A020-6C40702D205E}.Release|Any CPU.ActiveCfg = Release|Any CPU
		{F1BE3D05-87D7-444A-A020-6C40702D205E}.Release|Any CPU.Build.0 = Release|Any CPU
	EndGlobalSection
	GlobalSection(SolutionProperties) = preSolution
		HideSolutionNode = FALSE
	EndGlobalSection
	GlobalSection(ExtensibilityGlobals) = postSolution
		SolutionGuid = {3A515344-1EBF-49E3-90FC-2997D1A9C0C6}
	EndGlobalSection
EndGlobal
